
Microsoft Visual Studio Solution File, Format Version 12.00
# Visual Studio Version 17
VisualStudioVersion = 17.7.34003.232
MinimumVisualStudioVersion = 10.0.40219.1
Project("{FAE04EC0-301F-11D3-BF4B-00C04F79EFBC}") = "WpfApp3", "WpfApp3\WpfApp3.csproj", "{2D784801-C619-4D50-8C10-F3FF60D36A41}"
EndProject
Global
	GlobalSection(SolutionConfigurationPlatforms) = preSolution
		Debug|Any CPU = Debug|Any CPU
		Release|Any CPU = Release|Any CPU
	EndGlobalSection
	GlobalSection(ProjectConfigurationPlatforms) = postSolution
		{2D784801-C619-4D50-8C10-F3FF60D36A41}.Debug|Any CPU.ActiveCfg = Debug|Any CPU
		{2D784801-C619-4D50-8C10-F3FF60D36A41}.Debug|Any CPU.Build.0 = Debug|Any CPU
		{2D784801-C619-4D50-8C10-F3FF60D36A41}.Release|Any CPU.ActiveCfg = Release|Any CPU
		{2D784801-C619-4D50-8C10-F3FF60D36A41}.Release|Any CPU.Build.0 = Release|Any CPU
	EndGlobalSection
	GlobalSection(SolutionProperties) = preSolution
		HideSolutionNode = FALSE
	EndGlobalSection
	GlobalSection(ExtensibilityGlobals) = postSolution
		SolutionGuid = {68A63525-73C1-4361-B7FB-5E82C883C63F}
	EndGlobalSection
EndGlobal
